// !$*UTF8*$!
{
	archiveVersion = 1;
	classes = {
	};
	objectVersion = 56;
	objects = {

/* Begin PBXBuildFile section */
		6D36E79229A786360088611B /* ProfileController.swift in Sources */ = {isa = PBXBuildFile; fileRef = 6D36E79129A786360088611B /* ProfileController.swift */; };
		6D73602E299FA80600BC563A /* gilroy-bold.ttf in Resources */ = {isa = PBXBuildFile; fileRef = 6D73602B299FA80600BC563A /* gilroy-bold.ttf */; };
		6D73602F299FA80600BC563A /* gilroy-semibold.ttf in Resources */ = {isa = PBXBuildFile; fileRef = 6D73602C299FA80600BC563A /* gilroy-semibold.ttf */; };
		6D736030299FA80600BC563A /* gilroy-regular.ttf 15-17-05-343.ttf in Resources */ = {isa = PBXBuildFile; fileRef = 6D73602D299FA80600BC563A /* gilroy-regular.ttf 15-17-05-343.ttf */; };
		6D7B6F24299650000023BC75 /* AppDelegate.swift in Sources */ = {isa = PBXBuildFile; fileRef = 6D7B6F23299650000023BC75 /* AppDelegate.swift */; };
		6D7B6F26299650000023BC75 /* SceneDelegate.swift in Sources */ = {isa = PBXBuildFile; fileRef = 6D7B6F25299650000023BC75 /* SceneDelegate.swift */; };
		6D7B6F28299650000023BC75 /* ViewController.swift in Sources */ = {isa = PBXBuildFile; fileRef = 6D7B6F27299650000023BC75 /* ViewController.swift */; };
		6D7B6F2B299650000023BC75 /* Main.storyboard in Resources */ = {isa = PBXBuildFile; fileRef = 6D7B6F29299650000023BC75 /* Main.storyboard */; };
		6D7B6F2D299650000023BC75 /* Assets.xcassets in Resources */ = {isa = PBXBuildFile; fileRef = 6D7B6F2C299650000023BC75 /* Assets.xcassets */; };
		6D7B6F30299650000023BC75 /* LaunchScreen.storyboard in Resources */ = {isa = PBXBuildFile; fileRef = 6D7B6F2E299650000023BC75 /* LaunchScreen.storyboard */; };
		6D7B6F4C29967B9D0023BC75 /* iPhoneNumberField in Frameworks */ = {isa = PBXBuildFile; productRef = 6D7B6F4B29967B9D0023BC75 /* iPhoneNumberField */; };
		6DFEC5A1299A60250080D203 /* CountryViewController.swift in Sources */ = {isa = PBXBuildFile; fileRef = 6DFEC5A0299A60250080D203 /* CountryViewController.swift */; };
		6DFEC5A3299A60AF0080D203 /* CountryCell.swift in Sources */ = {isa = PBXBuildFile; fileRef = 6DFEC5A2299A60AF0080D203 /* CountryCell.swift */; };
		6DFEC5A5299A68730080D203 /* modelCountry.swift in Sources */ = {isa = PBXBuildFile; fileRef = 6DFEC5A4299A68730080D203 /* modelCountry.swift */; };
		6DFEC5A7299A7F0E0080D203 /* MobileController.swift in Sources */ = {isa = PBXBuildFile; fileRef = 6DFEC5A6299A7F0E0080D203 /* MobileController.swift */; };
		6DFEC5A9299A7F1D0080D203 /* OTPController.swift in Sources */ = {isa = PBXBuildFile; fileRef = 6DFEC5A8299A7F1D0080D203 /* OTPController.swift */; };
/* End PBXBuildFile section */

/* Begin PBXFileReference section */
		6D36E79129A786360088611B /* ProfileController.swift */ = {isa = PBXFileReference; lastKnownFileType = sourcecode.swift; path = ProfileController.swift; sourceTree = "<group>"; };
		6D73602B299FA80600BC563A /* gilroy-bold.ttf */ = {isa = PBXFileReference; lastKnownFileType = file; name = "gilroy-bold.ttf"; path = "../../../../Downloads/gilroy-bold.ttf"; sourceTree = "<group>"; };
		6D73602C299FA80600BC563A /* gilroy-semibold.ttf */ = {isa = PBXFileReference; lastKnownFileType = file; name = "gilroy-semibold.ttf"; path = "../../../../Downloads/gilroy-semibold.ttf"; sourceTree = "<group>"; };
		6D73602D299FA80600BC563A /* gilroy-regular.ttf 15-17-05-343.ttf */ = {isa = PBXFileReference; lastKnownFileType = file; name = "gilroy-regular.ttf 15-17-05-343.ttf"; path = "../../../../Downloads/gilroy-regular.ttf 15-17-05-343.ttf"; sourceTree = "<group>"; };
		6D7B6F20299650000023BC75 /* Guilty.app */ = {isa = PBXFileReference; explicitFileType = wrapper.application; includeInIndex = 0; path = Guilty.app; sourceTree = BUILT_PRODUCTS_DIR; };
		6D7B6F23299650000023BC75 /* AppDelegate.swift */ = {isa = PBXFileReference; lastKnownFileType = sourcecode.swift; path = AppDelegate.swift; sourceTree = "<group>"; };
		6D7B6F25299650000023BC75 /* SceneDelegate.swift */ = {isa = PBXFileReference; lastKnownFileType = sourcecode.swift; path = SceneDelegate.swift; sourceTree = "<group>"; };
		6D7B6F27299650000023BC75 /* ViewController.swift */ = {isa = PBXFileReference; lastKnownFileType = sourcecode.swift; path = ViewController.swift; sourceTree = "<group>"; };
		6D7B6F2A299650000023BC75 /* Base */ = {isa = PBXFileReference; lastKnownFileType = file.storyboard; name = Base; path = Base.lproj/Main.storyboard; sourceTree = "<group>"; };
		6D7B6F2C299650000023BC75 /* Assets.xcassets */ = {isa = PBXFileReference; lastKnownFileType = folder.assetcatalog; path = Assets.xcassets; sourceTree = "<group>"; };
		6D7B6F2F299650000023BC75 /* Base */ = {isa = PBXFileReference; lastKnownFileType = file.storyboard; name = Base; path = Base.lproj/LaunchScreen.storyboard; sourceTree = "<group>"; };
		6D7B6F31299650000023BC75 /* Info.plist */ = {isa = PBXFileReference; lastKnownFileType = text.plist.xml; path = Info.plist; sourceTree = "<group>"; };
		6DFEC5A0299A60250080D203 /* CountryViewController.swift */ = {isa = PBXFileReference; lastKnownFileType = sourcecode.swift; path = CountryViewController.swift; sourceTree = "<group>"; };
		6DFEC5A2299A60AF0080D203 /* CountryCell.swift */ = {isa = PBXFileReference; lastKnownFileType = sourcecode.swift; path = CountryCell.swift; sourceTree = "<group>"; };
		6DFEC5A4299A68730080D203 /* modelCountry.swift */ = {isa = PBXFileReference; lastKnownFileType = sourcecode.swift; path = modelCountry.swift; sourceTree = "<group>"; };
		6DFEC5A6299A7F0E0080D203 /* MobileController.swift */ = {isa = PBXFileReference; lastKnownFileType = sourcecode.swift; path = MobileController.swift; sourceTree = "<group>"; };
		6DFEC5A8299A7F1D0080D203 /* OTPController.swift */ = {isa = PBXFileReference; lastKnownFileType = sourcecode.swift; path = OTPController.swift; sourceTree = "<group>"; };
/* End PBXFileReference section */

/* Begin PBXFrameworksBuildPhase section */
		6D7B6F1D299650000023BC75 /* Frameworks */ = {
			isa = PBXFrameworksBuildPhase;
			buildActionMask = 2147483647;
			files = (
				6D7B6F4C29967B9D0023BC75 /* iPhoneNumberField in Frameworks */,
			);
			runOnlyForDeploymentPostprocessing = 0;
		};
/* End PBXFrameworksBuildPhase section */

/* Begin PBXGroup section */
		6D7B6F17299650000023BC75 = {
			isa = PBXGroup;
			children = (
				6D7B6F22299650000023BC75 /* Guilty */,
				6D7B6F21299650000023BC75 /* Products */,
			);
			sourceTree = "<group>";
		};
		6D7B6F21299650000023BC75 /* Products */ = {
			isa = PBXGroup;
			children = (
				6D7B6F20299650000023BC75 /* Guilty.app */,
			);
			name = Products;
			sourceTree = "<group>";
		};
		6D7B6F22299650000023BC75 /* Guilty */ = {
			isa = PBXGroup;
			children = (
				6D7B6F23299650000023BC75 /* AppDelegate.swift */,
				6D7B6F25299650000023BC75 /* SceneDelegate.swift */,
				6D7B6F27299650000023BC75 /* ViewController.swift */,
				6D7B6F29299650000023BC75 /* Main.storyboard */,
				6D7B6F2C299650000023BC75 /* Assets.xcassets */,
				6DFEC5A0299A60250080D203 /* CountryViewController.swift */,
				6DFEC5A2299A60AF0080D203 /* CountryCell.swift */,
				6D7B6F2E299650000023BC75 /* LaunchScreen.storyboard */,
				6D36E79129A786360088611B /* ProfileController.swift */,
				6DFEC5A6299A7F0E0080D203 /* MobileController.swift */,
				6DFEC5A8299A7F1D0080D203 /* OTPController.swift */,
				6DFEC5A4299A68730080D203 /* modelCountry.swift */,
				6D7B6F31299650000023BC75 /* Info.plist */,
				6D7B6F4129966BC50023BC75 /* Fonts */,
			);
			path = Guilty;
			sourceTree = "<group>";
		};
		6D7B6F4129966BC50023BC75 /* Fonts */ = {
			isa = PBXGroup;
			children = (
				6D73602B299FA80600BC563A /* gilroy-bold.ttf */,
				6D73602D299FA80600BC563A /* gilroy-regular.ttf 15-17-05-343.ttf */,
				6D73602C299FA80600BC563A /* gilroy-semibold.ttf */,
			);
			path = Fonts;
			sourceTree = "<group>";
		};
/* End PBXGroup section */

/* Begin PBXNativeTarget section */
		6D7B6F1F299650000023BC75 /* Guilty */ = {
			isa = PBXNativeTarget;
			buildConfigurationList = 6D7B6F34299650000023BC75 /* Build configuration list for PBXNativeTarget "Guilty" */;
			buildPhases = (
				6D7B6F1C299650000023BC75 /* Sources */,
				6D7B6F1D299650000023BC75 /* Frameworks */,
				6D7B6F1E299650000023BC75 /* Resources */,
			);
			buildRules = (
			);
			dependencies = (
			);
			name = Guilty;
			packageProductDependencies = (
				6D7B6F4B29967B9D0023BC75 /* iPhoneNumberField */,
			);
			productName = Guilty;
			productReference = 6D7B6F20299650000023BC75 /* Guilty.app */;
			productType = "com.apple.product-type.application";
		};
/* End PBXNativeTarget section */

/* Begin PBXProject section */
		6D7B6F18299650000023BC75 /* Project object */ = {
			isa = PBXProject;
			attributes = {
				BuildIndependentTargetsInParallel = 1;
				LastSwiftUpdateCheck = 1420;
				LastUpgradeCheck = 1420;
				TargetAttributes = {
					6D7B6F1F299650000023BC75 = {
						CreatedOnToolsVersion = 14.2;
					};
				};
			};
			buildConfigurationList = 6D7B6F1B299650000023BC75 /* Build configuration list for PBXProject "Guilty" */;
			compatibilityVersion = "Xcode 14.0";
			developmentRegion = en;
			hasScannedForEncodings = 0;
			knownRegions = (
				en,
				Base,
			);
			mainGroup = 6D7B6F17299650000023BC75;
			packageReferences = (
				6D7B6F4A29967B9D0023BC75 /* XCRemoteSwiftPackageReference "iPhoneNumberField" */,
			);
			productRefGroup = 6D7B6F21299650000023BC75 /* Products */;
			projectDirPath = "";
			projectRoot = "";
			targets = (
				6D7B6F1F299650000023BC75 /* Guilty */,
			);
		};
/* End PBXProject section */

/* Begin PBXResourcesBuildPhase section */
		6D7B6F1E299650000023BC75 /* Resources */ = {
			isa = PBXResourcesBuildPhase;
			buildActionMask = 2147483647;
			files = (
				6D7B6F30299650000023BC75 /* LaunchScreen.storyboard in Resources */,
				6D7B6F2D299650000023BC75 /* Assets.xcassets in Resources */,
				6D7B6F2B299650000023BC75 /* Main.storyboard in Resources */,
				6D73602F299FA80600BC563A /* gilroy-semibold.ttf in Resources */,
				6D736030299FA80600BC563A /* gilroy-regular.ttf 15-17-05-343.ttf in Resources */,
				6D73602E299FA80600BC563A /* gilroy-bold.ttf in Resources */,
			);
			runOnlyForDeploymentPostprocessing = 0;
		};
/* End PBXResourcesBuildPhase section */

/* Begin PBXSourcesBuildPhase section */
		6D7B6F1C299650000023BC75 /* Sources */ = {
			isa = PBXSourcesBuildPhase;
			buildActionMask = 2147483647;
			files = (
				6DFEC5A9299A7F1D0080D203 /* OTPController.swift in Sources */,
				6DFEC5A5299A68730080D203 /* modelCountry.swift in Sources */,
				6D7B6F28299650000023BC75 /* ViewController.swift in Sources */,
				6DFEC5A3299A60AF0080D203 /* CountryCell.swift in Sources */,
				6D7B6F24299650000023BC75 /* AppDelegate.swift in Sources */,
				6D36E79229A786360088611B /* ProfileController.swift in Sources */,
				6DFEC5A7299A7F0E0080D203 /* MobileController.swift in Sources */,
				6DFEC5A1299A60250080D203 /* CountryViewController.swift in Sources */,
				6D7B6F26299650000023BC75 /* SceneDelegate.swift in Sources */,
			);
			runOnlyForDeploymentPostprocessing = 0;
		};
/* End PBXSourcesBuildPhase section */

/* Begin PBXVariantGroup section */
		6D7B6F29299650000023BC75 /* Main.storyboard */ = {
			isa = PBXVariantGroup;
			children = (
				6D7B6F2A299650000023BC75 /* Base */,
			);
			name = Main.storyboard;
			sourceTree = "<group>";
		};
		6D7B6F2E299650000023BC75 /* LaunchScreen.storyboard */ = {
			isa = PBXVariantGroup;
			children = (
				6D7B6F2F299650000023BC75 /* Base */,
			);
			name = LaunchScreen.storyboard;
			sourceTree = "<group>";
		};
/* End PBXVariantGroup section */

/* Begin XCBuildConfiguration section */
		6D7B6F32299650000023BC75 /* Debug */ = {
			isa = XCBuildConfiguration;
			buildSettings = {
				ALWAYS_SEARCH_USER_PATHS = NO;
				CLANG_ANALYZER_NONNULL = YES;
				CLANG_ANALYZER_NUMBER_OBJECT_CONVERSION = YES_AGGRESSIVE;
				CLANG_CXX_LANGUAGE_STANDARD = "gnu++20";
				CLANG_ENABLE_MODULES = YES;
				CLANG_ENABLE_OBJC_ARC = YES;
				CLANG_ENABLE_OBJC_WEAK = YES;
				CLANG_WARN_BLOCK_CAPTURE_AUTORELEASING = YES;
				CLANG_WARN_BOOL_CONVERSION = YES;
				CLANG_WARN_COMMA = YES;
				CLANG_WARN_CONSTANT_CONVERSION = YES;
				CLANG_WARN_DEPRECATED_OBJC_IMPLEMENTATIONS = YES;
				CLANG_WARN_DIRECT_OBJC_ISA_USAGE = YES_ERROR;
				CLANG_WARN_DOCUMENTATION_COMMENTS = YES;
				CLANG_WARN_EMPTY_BODY = YES;
				CLANG_WARN_ENUM_CONVERSION = YES;
				CLANG_WARN_INFINITE_RECURSION = YES;
				CLANG_WARN_INT_CONVERSION = YES;
				CLANG_WARN_NON_LITERAL_NULL_CONVERSION = YES;
				CLANG_WARN_OBJC_IMPLICIT_RETAIN_SELF = YES;
				CLANG_WARN_OBJC_LITERAL_CONVERSION = YES;
				CLANG_WARN_OBJC_ROOT_CLASS = YES_ERROR;
				CLANG_WARN_QUOTED_INCLUDE_IN_FRAMEWORK_HEADER = YES;
				CLANG_WARN_RANGE_LOOP_ANALYSIS = YES;
				CLANG_WARN_STRICT_PROTOTYPES = YES;
				CLANG_WARN_SUSPICIOUS_MOVE = YES;
				CLANG_WARN_UNGUARDED_AVAILABILITY = YES_AGGRESSIVE;
				CLANG_WARN_UNREACHABLE_CODE = YES;
				CLANG_WARN__DUPLICATE_METHOD_MATCH = YES;
				COPY_PHASE_STRIP = NO;
				DEBUG_INFORMATION_FORMAT = dwarf;
				ENABLE_STRICT_OBJC_MSGSEND = YES;
				ENABLE_TESTABILITY = YES;
				GCC_C_LANGUAGE_STANDARD = gnu11;
				GCC_DYNAMIC_NO_PIC = NO;
				GCC_NO_COMMON_BLOCKS = YES;
				GCC_OPTIMIZATION_LEVEL = 0;
				GCC_PREPROCESSOR_DEFINITIONS = (
					"DEBUG=1",
					"$(inherited)",
				);
				GCC_WARN_64_TO_32_BIT_CONVERSION = YES;
				GCC_WARN_ABOUT_RETURN_TYPE = YES_ERROR;
				GCC_WARN_UNDECLARED_SELECTOR = YES;
				GCC_WARN_UNINITIALIZED_AUTOS = YES_AGGRESSIVE;
				GCC_WARN_UNUSED_FUNCTION = YES;
				GCC_WARN_UNUSED_VARIABLE = YES;
				IPHONEOS_DEPLOYMENT_TARGET = 16.2;
				MTL_ENABLE_DEBUG_INFO = INCLUDE_SOURCE;
				MTL_FAST_MATH = YES;
				ONLY_ACTIVE_ARCH = YES;
				SDKROOT = iphoneos;
				SWIFT_ACTIVE_COMPILATION_CONDITIONS = DEBUG;
				SWIFT_OPTIMIZATION_LEVEL = "-Onone";
			};
			name = Debug;
		};
		6D7B6F33299650000023BC75 /* Release */ = {
			isa = XCBuildConfiguration;
			buildSettings = {
				ALWAYS_SEARCH_USER_PATHS = NO;
				CLANG_ANALYZER_NONNULL = YES;
				CLANG_ANALYZER_NUMBER_OBJECT_CONVERSION = YES_AGGRESSIVE;
				CLANG_CXX_LANGUAGE_STANDARD = "gnu++20";
				CLANG_ENABLE_MODULES = YES;
				CLANG_ENABLE_OBJC_ARC = YES;
				CLANG_ENABLE_OBJC_WEAK = YES;
				CLANG_WARN_BLOCK_CAPTURE_AUTORELEASING = YES;
				CLANG_WARN_BOOL_CONVERSION = YES;
				CLANG_WARN_COMMA = YES;
				CLANG_WARN_CONSTANT_CONVERSION = YES;
				CLANG_WARN_DEPRECATED_OBJC_IMPLEMENTATIONS = YES;
				CLANG_WARN_DIRECT_OBJC_ISA_USAGE = YES_ERROR;
				CLANG_WARN_DOCUMENTATION_COMMENTS = YES;
				CLANG_WARN_EMPTY_BODY = YES;
				CLANG_WARN_ENUM_CONVERSION = YES;
				CLANG_WARN_INFINITE_RECURSION = YES;
				CLANG_WARN_INT_CONVERSION = YES;
				CLANG_WARN_NON_LITERAL_NULL_CONVERSION = YES;
				CLANG_WARN_OBJC_IMPLICIT_RETAIN_SELF = YES;
				CLANG_WARN_OBJC_LITERAL_CONVERSION = YES;
				CLANG_WARN_OBJC_ROOT_CLASS = YES_ERROR;
				CLANG_WARN_QUOTED_INCLUDE_IN_FRAMEWORK_HEADER = YES;
				CLANG_WARN_RANGE_LOOP_ANALYSIS = YES;
				CLANG_WARN_STRICT_PROTOTYPES = YES;
				CLANG_WARN_SUSPICIOUS_MOVE = YES;
				CLANG_WARN_UNGUARDED_AVAILABILITY = YES_AGGRESSIVE;
				CLANG_WARN_UNREACHABLE_CODE = YES;
				CLANG_WARN__DUPLICATE_METHOD_MATCH = YES;
				COPY_PHASE_STRIP = NO;
				DEBUG_INFORMATION_FORMAT = "dwarf-with-dsym";
				ENABLE_NS_ASSERTIONS = NO;
				ENABLE_STRICT_OBJC_MSGSEND = YES;
				GCC_C_LANGUAGE_STANDARD = gnu11;
				GCC_NO_COMMON_BLOCKS = YES;
				GCC_WARN_64_TO_32_BIT_CONVERSION = YES;
				GCC_WARN_ABOUT_RETURN_TYPE = YES_ERROR;
				GCC_WARN_UNDECLARED_SELECTOR = YES;
				GCC_WARN_UNINITIALIZED_AUTOS = YES_AGGRESSIVE;
				GCC_WARN_UNUSED_FUNCTION = YES;
				GCC_WARN_UNUSED_VARIABLE = YES;
				IPHONEOS_DEPLOYMENT_TARGET = 16.2;
				MTL_ENABLE_DEBUG_INFO = NO;
				MTL_FAST_MATH = YES;
				SDKROOT = iphoneos;
				SWIFT_COMPILATION_MODE = wholemodule;
				SWIFT_OPTIMIZATION_LEVEL = "-O";
				VALIDATE_PRODUCT = YES;
			};
			name = Release;
		};
		6D7B6F35299650000023BC75 /* Debug */ = {
			isa = XCBuildConfiguration;
			buildSettings = {
				ASSETCATALOG_COMPILER_APPICON_NAME = AppIcon;
				ASSETCATALOG_COMPILER_GLOBAL_ACCENT_COLOR_NAME = AccentColor;
				CODE_SIGN_STYLE = Automatic;
				CURRENT_PROJECT_VERSION = 1;
				DEVELOPMENT_TEAM = 653G38SZ5V;
				GENERATE_INFOPLIST_FILE = YES;
				INFOPLIST_FILE = Guilty/Info.plist;
				INFOPLIST_KEY_UIApplicationSupportsIndirectInputEvents = YES;
				INFOPLIST_KEY_UILaunchStoryboardName = LaunchScreen;
				INFOPLIST_KEY_UIMainStoryboardFile = Main;
				INFOPLIST_KEY_UISupportedInterfaceOrientations_iPad = "UIInterfaceOrientationPortrait UIInterfaceOrientationPortraitUpsideDown UIInterfaceOrientationLandscapeLeft UIInterfaceOrientationLandscapeRight";
				INFOPLIST_KEY_UISupportedInterfaceOrientations_iPhone = "UIInterfaceOrientationPortrait UIInterfaceOrientationLandscapeLeft UIInterfaceOrientationLandscapeRight";
				IPHONEOS_DEPLOYMENT_TARGET = 14.0;
				LD_RUNPATH_SEARCH_PATHS = (
					"$(inherited)",
					"@executable_path/Frameworks",
				);
				MARKETING_VERSION = 1.0;
				PRODUCT_BUNDLE_IDENTIFIER = rikmasters.Guilty;
				PRODUCT_NAME = "$(TARGET_NAME)";
				SWIFT_EMIT_LOC_STRINGS = YES;
				SWIFT_VERSION = 5.0;
				TARGETED_DEVICE_FAMILY = "1,2";
			};
			name = Debug;
		};
		6D7B6F36299650000023BC75 /* Release */ = {
			isa = XCBuildConfiguration;
			buildSettings = {
				ASSETCATALOG_COMPILER_APPICON_NAME = AppIcon;
				ASSETCATALOG_COMPILER_GLOBAL_ACCENT_COLOR_NAME = AccentColor;
				CODE_SIGN_STYLE = Automatic;
				CURRENT_PROJECT_VERSION = 1;
				DEVELOPMENT_TEAM = 653G38SZ5V;
				GENERATE_INFOPLIST_FILE = YES;
				INFOPLIST_FILE = Guilty/Info.plist;
				INFOPLIST_KEY_UIApplicationSupportsIndirectInputEvents = YES;
				INFOPLIST_KEY_UILaunchStoryboardName = LaunchScreen;
				INFOPLIST_KEY_UIMainStoryboardFile = Main;
				INFOPLIST_KEY_UISupportedInterfaceOrientations_iPad = "UIInterfaceOrientationPortrait UIInterfaceOrientationPortraitUpsideDown UIInterfaceOrientationLandscapeLeft UIInterfaceOrientationLandscapeRight";
				INFOPLIST_KEY_UISupportedInterfaceOrientations_iPhone = "UIInterfaceOrientationPortrait UIInterfaceOrientationLandscapeLeft UIInterfaceOrientationLandscapeRight";
				IPHONEOS_DEPLOYMENT_TARGET = 14.0;
				LD_RUNPATH_SEARCH_PATHS = (
					"$(inherited)",
					"@executable_path/Frameworks",
				);
				MARKETING_VERSION = 1.0;
				PRODUCT_BUNDLE_IDENTIFIER = rikmasters.Guilty;
				PRODUCT_NAME = "$(TARGET_NAME)";
				SWIFT_EMIT_LOC_STRINGS = YES;
				SWIFT_VERSION = 5.0;
				TARGETED_DEVICE_FAMILY = "1,2";
			};
			name = Release;
		};
/* End XCBuildConfiguration section */

/* Begin XCConfigurationList section */
		6D7B6F1B299650000023BC75 /* Build configuration list for PBXProject "Guilty" */ = {
			isa = XCConfigurationList;
			buildConfigurations = (
				6D7B6F32299650000023BC75 /* Debug */,
				6D7B6F33299650000023BC75 /* Release */,
			);
			defaultConfigurationIsVisible = 0;
			defaultConfigurationName = Release;
		};
		6D7B6F34299650000023BC75 /* Build configuration list for PBXNativeTarget "Guilty" */ = {
			isa = XCConfigurationList;
			buildConfigurations = (
				6D7B6F35299650000023BC75 /* Debug */,
				6D7B6F36299650000023BC75 /* Release */,
			);
			defaultConfigurationIsVisible = 0;
			defaultConfigurationName = Release;
		};
/* End XCConfigurationList section */

/* Begin XCRemoteSwiftPackageReference section */
		6D7B6F4A29967B9D0023BC75 /* XCRemoteSwiftPackageReference "iPhoneNumberField" */ = {
			isa = XCRemoteSwiftPackageReference;
			repositoryURL = "https://github.com/MojtabaHs/iPhoneNumberField";
			requirement = {
				kind = upToNextMajorVersion;
				minimumVersion = 0.9.0;
			};
		};
/* End XCRemoteSwiftPackageReference section */

/* Begin XCSwiftPackageProductDependency section */
		6D7B6F4B29967B9D0023BC75 /* iPhoneNumberField */ = {
			isa = XCSwiftPackageProductDependency;
			package = 6D7B6F4A29967B9D0023BC75 /* XCRemoteSwiftPackageReference "iPhoneNumberField" */;
			productName = iPhoneNumberField;
		};
/* End XCSwiftPackageProductDependency section */
	};
	rootObject = 6D7B6F18299650000023BC75 /* Project object */;
}
